PODS:
  - HLFUITextExtensions (0.0.1)

DEPENDENCIES:
  - HLFUITextExtensions (from `../`)

EXTERNAL SOURCES:
  HLFUITextExtensions:
    :path: "../"

SPEC CHECKSUMS:
  HLFUITextExtensions: d1f8e311c5cdeda1cc3630193ea89c9f460ee827

PODFILE CHECKSUM: 790e23251abdbd49219176aac7907a623e6fdab6

COCOAPODS: 1.2.1
